PODS:
  - Alamofire (4.9.1)
  - Cosmos (23.0.0)
  - GoogleMaps (6.0.0):
    - GoogleMaps/Maps (= 6.0.0)
  - GoogleMaps/Base (6.0.0)
  - GoogleMaps/Maps (6.0.0):
    - GoogleMaps/Base
  - GooglePlaces (6.0.0)
  - GooglePlacesAPI (1.1.4):
    - Alamofire (~> 4)
    - ObjectMapper (~> 3)
  - HDAugmentedReality (3.0.0)
  - ObjectMapper (3.5.3)
  - Polyline (5.0.0)
  - SVProgressHUD (2.2.5)

DEPENDENCIES:
  - Cosmos (= 23.0)
  - GoogleMaps (= 6.0.0)
  - GooglePlaces (= 6.0.0)
  - GooglePlacesAPI (= 1.1.4)
  - HDAugmentedReality (= 3.0.0)
  - Polyline (= 5.0)
  - SVProgressHUD (= 2.2.5)

SPEC REPOS:
  trunk:
    - Alamofire
    - Cosmos
    - GoogleMaps
    - GooglePlaces
    - GooglePlacesAPI
    - HDAugmentedReality
    - ObjectMapper
    - Polyline
    - SVProgressHUD

SPEC CHECKSUMS:
  Alamofire: 85e8a02c69d6020a0d734f6054870d7ecb75cf18
  Cosmos: b5c6a9a637e28a061b54c8f8b1d8529d7d4db73f
  GoogleMaps: 750f237920fa44dd32de0c0d2004d35cb2c688f3
  GooglePlaces: c97d96ae68594acb64035c9ca9f26fbfc1d23af1
  GooglePlacesAPI: 6184a463b58443f1bde3fab6ce725c1c8e540419
  HDAugmentedReality: ff518e9c08704261b4226ffa820464aa5a9b1626
  ObjectMapper: 97111c97e054a6ee25917662106689f0b4127b37
  Polyline: 535633672809931574c61960350e12d087f35757
  SVProgressHUD: 1428aafac632c1f86f62aa4243ec12008d7a51d6

PODFILE CHECKSUM: 0e0fd489c7e1c0c293f087b551d55195e76c2171

COCOAPODS: 1.11.2
